<Solution>
  <Folder Name="/Building/">
    <Project Path="src/Building/Lights.Switchable/MC.Building.Lights.Switchable.csproj" />
  </Folder>
  <Folder Name="/Combat/">
    <Project Path="src/Combat/Creatures.Morale/MC.Combat.Creatures.Morale.csproj" />
    <Project Path="src/Combat/Crossbow.StaysLoaded/MC.Combat.Crossbow.StaysLoaded.csproj" />
    <Project Path="src/Combat/Shields.TowerWall/MC.Combat.Shields.TowerWall.csproj" />
    <Project Path="src/Combat/Sneak.Ambush/MC.Combat.Sneak.Ambush.csproj" />
    <Project Path="src/Combat/Trinkets.OnDemand/MC.Combat.Trinkets.OnDemand.csproj" />
    <Project Path="src/Combat/Weapons.DualWield/MC.Combat.Weapons.DualWield.csproj" />
    <Project Path="src/Combat/Weapons.Moveset/MC.Combat.Weapons.Moveset.csproj" />
  </Folder>
  <Folder Name="/Crafting/">
    <Project Path="src/Crafting/Forge.IdolUpgrades/MC.Crafting.Forge.IdolUpgrades.csproj" />
    <Project Path="src/Crafting/Repair.OneClickAll/MC.Crafting.Repair.OneClickAll.csproj" />
    <Project Path="src/Crafting/Stations.BatchFeed/MC.Crafting.Stations.BatchFeed.csproj" />
  </Folder>
  <Folder Name="/Exploration/">
    <Project Path="src/Exploration/Compendium.Encyclopedia/MC.Exploration.Compendium.Encyclopedia.csproj" />
    <Project Path="src/Exploration/Sailing.Skill/MC.Exploration.Sailing.Skill.csproj" />
    <Project Path="src/Exploration/Sleep.ThroughDay/MC.Exploration.Sleep.ThroughDay.csproj" />
    <Project Path="src/Exploration/Stats.PerCreature/MC.Exploration.Stats.PerCreature.csproj" />
    <Project Path="src/Exploration/Swimming.Dive/MC.Exploration.Swimming.Dive.csproj" />
  </Folder>
  <Folder Name="/Farming/">
    <Project Path="src/Farming/Breeding.StarInheritance/MC.Farming.Breeding.StarInheritance.csproj" />
    <Project Path="src/Farming/Harpoon.HooksTames/MC.Farming.Harpoon.HooksTames.csproj" />
  </Folder>
  <Folder Name="/Solution Items/">
    <File Path=".editorconfig" />
    <File Path="CLAUDE.md" />
    <File Path="Directory.Build.props" />
    <File Path="Directory.Build.targets" />
    <File Path="README.md" />
  </Folder>
  <Folder Name="/UX/">
    <Project Path="src/UX/AutoPickup.Filter/MC.UX.AutoPickup.Filter.csproj" />
    <Project Path="src/UX/Container.Sort/MC.UX.Container.Sort.csproj" />
    <Project Path="src/UX/Crafting.SearchSort/MC.UX.Crafting.SearchSort.csproj" />
  </Folder>
</Solution>
