<Solution>
  <Folder Name="/Combat/">
    <Project Path="src/Combat/Crossbow.StaysLoaded/MC.Combat.Crossbow.StaysLoaded.csproj" />
  </Folder>
  <Folder Name="/Crafting/">
    <Project Path="src/Crafting/Repair.OneClickAll/MC.Crafting.Repair.OneClickAll.csproj" />
    <Project Path="src/Crafting/Stations.BatchFeed/MC.Crafting.Stations.BatchFeed.csproj" />
  </Folder>
  <Folder Name="/Exploration/">
    <Project Path="src/Exploration/Stats.PerCreature/MC.Exploration.Stats.PerCreature.csproj" />
  </Folder>
  <Folder Name="/Farming/">
    <Project Path="src/Farming/Harpoon.HooksTames/MC.Farming.Harpoon.HooksTames.csproj" />
  </Folder>
  <Folder Name="/Solution Items/">
    <File Path=".editorconfig" />
    <File Path="CLAUDE.md" />
    <File Path="Directory.Build.props" />
    <File Path="Directory.Build.targets" />
    <File Path="README.md" />
  </Folder>
</Solution>
